
Microsoft Visual Studio Solution File, Format Version 12.00
# Visual Studio Version 17
VisualStudioVersion = 17.9.34622.214
MinimumVisualStudioVersion = 10.0.40219.1
Project("{2150E333-8FDC-42A3-9474-1A3956D46DE8}") = "AuthServer", "AuthServer", "{4384E83F-3BD5-4EA3-A27D-0B296D1AF1DC}"
EndProject
Project("{9A19103F-16F7-4668-BE54-9A1E7A4F7556}") = "AuthenticationServer.Core", "AuthServer\AuthenticationServer.Core\AuthenticationServer.Core.csproj", "{0864D413-3EB1-49A9-93CC-6138C424EE4A}"
EndProject
Project("{9A19103F-16F7-4668-BE54-9A1E7A4F7556}") = "AuthenticationServer.Infrastructure", "AuthServer\AuthenticationServer.Infrastructure\AuthenticationServer.Infrastructure.csproj", "{D43B4836-361E-48A6-AA9E-BDEA1377201F}"
EndProject
Project("{9A19103F-16F7-4668-BE54-9A1E7A4F7556}") = "AuthenticationServer", "AuthServer\AuthenticationServer\AuthenticationServer.csproj", "{4BEFC736-BA87-48B3-BE37-FACFB6FCF36A}"
EndProject
Project("{2150E333-8FDC-42A3-9474-1A3956D46DE8}") = "ResourceApi", "ResourceApi", "{5D92B128-62D2-4692-BA42-A143A3B62DCF}"
EndProject
Project("{9A19103F-16F7-4668-BE54-9A1E7A4F7556}") = "SampleApi", "ResourceApi\SampleApi\SampleApi.csproj", "{CA4A116C-E095-4D8B-A243-CDD3F85F08E4}"
EndProject
Global
	GlobalSection(SolutionConfigurationPlatforms) = preSolution
		Debug|Any CPU = Debug|Any CPU
		Release|Any CPU = Release|Any CPU
	EndGlobalSection
	GlobalSection(ProjectConfigurationPlatforms) = postSolution
		{0864D413-3EB1-49A9-93CC-6138C424EE4A}.Debug|Any CPU.ActiveCfg = Debug|Any CPU
		{0864D413-3EB1-49A9-93CC-6138C424EE4A}.Debug|Any CPU.Build.0 = Debug|Any CPU
		{0864D413-3EB1-49A9-93CC-6138C424EE4A}.Release|Any CPU.ActiveCfg = Release|Any CPU
		{0864D413-3EB1-49A9-93CC-6138C424EE4A}.Release|Any CPU.Build.0 = Release|Any CPU
		{D43B4836-361E-48A6-AA9E-BDEA1377201F}.Debug|Any CPU.ActiveCfg = Debug|Any CPU
		{D43B4836-361E-48A6-AA9E-BDEA1377201F}.Debug|Any CPU.Build.0 = Debug|Any CPU
		{D43B4836-361E-48A6-AA9E-BDEA1377201F}.Release|Any CPU.ActiveCfg = Release|Any CPU
		{D43B4836-361E-48A6-AA9E-BDEA1377201F}.Release|Any CPU.Build.0 = Release|Any CPU
		{4BEFC736-BA87-48B3-BE37-FACFB6FCF36A}.Debug|Any CPU.ActiveCfg = Debug|Any CPU
		{4BEFC736-BA87-48B3-BE37-FACFB6FCF36A}.Debug|Any CPU.Build.0 = Debug|Any CPU
		{4BEFC736-BA87-48B3-BE37-FACFB6FCF36A}.Release|Any CPU.ActiveCfg = Release|Any CPU
		{4BEFC736-BA87-48B3-BE37-FACFB6FCF36A}.Release|Any CPU.Build.0 = Release|Any CPU
		{CA4A116C-E095-4D8B-A243-CDD3F85F08E4}.Debug|Any CPU.ActiveCfg = Debug|Any CPU
		{CA4A116C-E095-4D8B-A243-CDD3F85F08E4}.Debug|Any CPU.Build.0 = Debug|Any CPU
		{CA4A116C-E095-4D8B-A243-CDD3F85F08E4}.Release|Any CPU.ActiveCfg = Release|Any CPU
		{CA4A116C-E095-4D8B-A243-CDD3F85F08E4}.Release|Any CPU.Build.0 = Release|Any CPU
	EndGlobalSection
	GlobalSection(SolutionProperties) = preSolution
		HideSolutionNode = FALSE
	EndGlobalSection
	GlobalSection(NestedProjects) = preSolution
		{0864D413-3EB1-49A9-93CC-6138C424EE4A} = {4384E83F-3BD5-4EA3-A27D-0B296D1AF1DC}
		{D43B4836-361E-48A6-AA9E-BDEA1377201F} = {4384E83F-3BD5-4EA3-A27D-0B296D1AF1DC}
		{4BEFC736-BA87-48B3-BE37-FACFB6FCF36A} = {4384E83F-3BD5-4EA3-A27D-0B296D1AF1DC}
		{CA4A116C-E095-4D8B-A243-CDD3F85F08E4} = {5D92B128-62D2-4692-BA42-A143A3B62DCF}
	EndGlobalSection
	GlobalSection(ExtensibilityGlobals) = postSolution
		SolutionGuid = {EACAC0D1-6D01-453C-8445-1689A4E6EE02}
	EndGlobalSection
EndGlobal
